PODS:
  - SquareInAppPaymentsSDK (1.5.5)

DEPENDENCIES:
  - SquareInAppPaymentsSDK (= 1.5.5)

SPEC REPOS:
  https://github.com/CocoaPods/Specs.git:
    - SquareInAppPaymentsSDK

SPEC CHECKSUMS:
  SquareInAppPaymentsSDK: 06d1eae6f2765e76ba4c3b3ff90ef18aaadf361a

PODFILE CHECKSUM: e1e69d190d816166d065efa841159fbc6db82927

COCOAPODS: 1.11.2
