PODS:
  - SquareInAppPaymentsSDK (1.6.2)

DEPENDENCIES:
  - SquareInAppPaymentsSDK (= 1.6.2)

SPEC REPOS:
  https://github.com/CocoaPods/Specs.git:
    - SquareInAppPaymentsSDK

SPEC CHECKSUMS:
  SquareInAppPaymentsSDK: 071115bf6d0c2dbcb931e66cedbe3b383d320ee3

PODFILE CHECKSUM: 8429d7c612319574ee0ec0e244e87b2d60710c9e

COCOAPODS: 1.11.3
