PODS:
  - SquareInAppPaymentsSDK (1.1.0)

DEPENDENCIES:
  - SquareInAppPaymentsSDK (= 1.1.0)

SPEC REPOS:
  https://github.com/cocoapods/specs.git:
    - SquareInAppPaymentsSDK

SPEC CHECKSUMS:
  SquareInAppPaymentsSDK: c05efe46871f2cfbfef2689744bbf4a493a14c1f

PODFILE CHECKSUM: c7faa5e6ce857f771da91e13c91b3ca4d7a0cb9f

COCOAPODS: 1.6.1
